
Microsoft Visual Studio Solution File, Format Version 12.00
# Visual Studio Version 17
VisualStudioVersion = 17.7.34031.279
MinimumVisualStudioVersion = 10.0.40219.1
Project("{FAE04EC0-301F-11D3-BF4B-00C04F79EFBC}") = "lab3rpm", "lab3rpm\lab3rpm.csproj", "{617C34CE-A413-4557-9FB8-2F9786977A2C}"
EndProject
Global
	GlobalSection(SolutionConfigurationPlatforms) = preSolution
		Debug|Any CPU = Debug|Any CPU
		Release|Any CPU = Release|Any CPU
	EndGlobalSection
	GlobalSection(ProjectConfigurationPlatforms) = postSolution
		{617C34CE-A413-4557-9FB8-2F9786977A2C}.Debug|Any CPU.ActiveCfg = Debug|Any CPU
		{617C34CE-A413-4557-9FB8-2F9786977A2C}.Debug|Any CPU.Build.0 = Debug|Any CPU
		{617C34CE-A413-4557-9FB8-2F9786977A2C}.Release|Any CPU.ActiveCfg = Release|Any CPU
		{617C34CE-A413-4557-9FB8-2F9786977A2C}.Release|Any CPU.Build.0 = Release|Any CPU
	EndGlobalSection
	GlobalSection(SolutionProperties) = preSolution
		HideSolutionNode = FALSE
	EndGlobalSection
	GlobalSection(ExtensibilityGlobals) = postSolution
		SolutionGuid = {531C094C-6D8F-4726-B0BB-EE41C7BFB1CF}
	EndGlobalSection
EndGlobal
